// !$*UTF8*$!
{
	archiveVersion = 1;
	classes = {
	};
	objectVersion = 51;
	objects = {

/* Begin PBXBuildFile section */
		5F41B9FF3209FA78965CCCFE /* libPods-LBasicUtil.a in Frameworks */ = {isa = PBXBuildFile; fileRef = 3885D575499E78A63E9143E6 /* libPods-LBasicUtil.a */; };
		AAA789D727BA4BB600397A22 /* LCameraPhotoTake.m in Sources */ = {isa = PBXBuildFile; fileRef = AAA789D627BA4BB600397A22 /* LCameraPhotoTake.m */; };
		AAA789DA27BB5C5A00397A22 /* LPhotoTileViewController.m in Sources */ = {isa = PBXBuildFile; fileRef = AAA789D927BB5C5A00397A22 /* LPhotoTileViewController.m */; };
		AAC74C3E26DC8BE2002C855A /* AppDelegate.m in Sources */ = {isa = PBXBuildFile; fileRef = AAC74C3D26DC8BE2002C855A /* AppDelegate.m */; };
		AAC74C4126DC8BE2002C855A /* SceneDelegate.m in Sources */ = {isa = PBXBuildFile; fileRef = AAC74C4026DC8BE2002C855A /* SceneDelegate.m */; };
		AAC74C4426DC8BE2002C855A /* ViewController.m in Sources */ = {isa = PBXBuildFile; fileRef = AAC74C4326DC8BE2002C855A /* ViewController.m */; };
		AAC74C4726DC8BE2002C855A /* Main.storyboard in Resources */ = {isa = PBXBuildFile; fileRef = AAC74C4526DC8BE2002C855A /* Main.storyboard */; };
		AAC74C4926DC8BE3002C855A /* Assets.xcassets in Resources */ = {isa = PBXBuildFile; fileRef = AAC74C4826DC8BE3002C855A /* Assets.xcassets */; };
		AAC74C4C26DC8BE3002C855A /* LaunchScreen.storyboard in Resources */ = {isa = PBXBuildFile; fileRef = AAC74C4A26DC8BE3002C855A /* LaunchScreen.storyboard */; };
		AAC74C4F26DC8BE3002C855A /* main.m in Sources */ = {isa = PBXBuildFile; fileRef = AAC74C4E26DC8BE3002C855A /* main.m */; };
		AAC74C5926DC8BE3002C855A /* LBasicUtilTests.m in Sources */ = {isa = PBXBuildFile; fileRef = AAC74C5826DC8BE3002C855A /* LBasicUtilTests.m */; };
		AAC74C6426DC8BE3002C855A /* LBasicUtilUITests.m in Sources */ = {isa = PBXBuildFile; fileRef = AAC74C6326DC8BE3002C855A /* LBasicUtilUITests.m */; };
		AAC74C7426DC8F64002C855A /* LCamerPhotoSelect.m in Sources */ = {isa = PBXBuildFile; fileRef = AAC74C7226DC8F64002C855A /* LCamerPhotoSelect.m */; };
		AAC74C7826DCAB8F002C855A /* LProgressHUD.m in Sources */ = {isa = PBXBuildFile; fileRef = AAC74C7726DCAB8F002C855A /* LProgressHUD.m */; };
		AAC74C7C26DCAC02002C855A /* AESelectController.m in Sources */ = {isa = PBXBuildFile; fileRef = AAC74C7B26DCAC02002C855A /* AESelectController.m */; };
		AAC74C7F26DCAD73002C855A /* UIImage+Extension.m in Sources */ = {isa = PBXBuildFile; fileRef = AAC74C7E26DCAD73002C855A /* UIImage+Extension.m */; };
		AAC74C8326DCC0B1002C855A /* CameraPickViewController.m in Sources */ = {isa = PBXBuildFile; fileRef = AAC74C8226DCC0B1002C855A /* CameraPickViewController.m */; };
		AAC74C8626DCC0C1002C855A /* BasicViewController.m in Sources */ = {isa = PBXBuildFile; fileRef = AAC74C8526DCC0C1002C855A /* BasicViewController.m */; };
		AAC74C8A26DCE5A3002C855A /* LImageBroswerViewController.m in Sources */ = {isa = PBXBuildFile; fileRef = AAC74C8926DCE5A3002C855A /* LImageBroswerViewController.m */; };
		AAC74C8D26DCE5D5002C855A /* NSDate+time.m in Sources */ = {isa = PBXBuildFile; fileRef = AAC74C8B26DCE5D5002C855A /* NSDate+time.m */; };
		AAC74C9026E0A185002C855A /* UIView+Extension.m in Sources */ = {isa = PBXBuildFile; fileRef = AAC74C8F26E0A185002C855A /* UIView+Extension.m */; };
		AAC74C9626E0CCA0002C855A /* NSString+Extension.m in Sources */ = {isa = PBXBuildFile; fileRef = AAC74C9526E0CCA0002C855A /* NSString+Extension.m */; };
		AAC74C9926E1D0B8002C855A /* yuanshen.jpg in Resources */ = {isa = PBXBuildFile; fileRef = AAC74C9826E1D0B8002C855A /* yuanshen.jpg */; };
		AAC74C9B26E1E88B002C855A /* images.xcassets in Resources */ = {isa = PBXBuildFile; fileRef = AAC74C9A26E1E88B002C855A /* images.xcassets */; };
		AAC74CA026E5FAC1002C855A /* SendVerifyCodeBtn.m in Sources */ = {isa = PBXBuildFile; fileRef = AAC74C9F26E5FAC1002C855A /* SendVerifyCodeBtn.m */; };
		AAC74CA726E604C9002C855A /* LLoginViewController.m in Sources */ = {isa = PBXBuildFile; fileRef = AAC74CA626E604C9002C855A /* LLoginViewController.m */; };
		AAC74CAB26E6118A002C855A /* TimerCountDown.m in Sources */ = {isa = PBXBuildFile; fileRef = AAC74CAA26E6118A002C855A /* TimerCountDown.m */; };
		AAC74CB226E61235002C855A /* LTimeTextClockViewController.m in Sources */ = {isa = PBXBuildFile; fileRef = AAC74CB126E61235002C855A /* LTimeTextClockViewController.m */; };
		AAC74CBB26E70C76002C855A /* IACircularSliderTrackLayer.m in Sources */ = {isa = PBXBuildFile; fileRef = AAC74CB726E70C76002C855A /* IACircularSliderTrackLayer.m */; };
		AAC74CBC26E70C76002C855A /* IACircularSlider.m in Sources */ = {isa = PBXBuildFile; fileRef = AAC74CB826E70C76002C855A /* IACircularSlider.m */; };
		AAC74CBD26E70C76002C855A /* IACircleSliderThumbLayer.m in Sources */ = {isa = PBXBuildFile; fileRef = AAC74CBA26E70C76002C855A /* IACircleSliderThumbLayer.m */; };
		AAC74CC326E70F53002C855A /* LSLiderViewController.m in Sources */ = {isa = PBXBuildFile; fileRef = AAC74CC226E70F53002C855A /* LSLiderViewController.m */; };
		AAC74CC626E71905002C855A /* LBasicSlider.m in Sources */ = {isa = PBXBuildFile; fileRef = AAC74CC526E71905002C855A /* LBasicSlider.m */; };
		AAC74CCF26E732A5002C855A /* YYBasicTickView.m in Sources */ = {isa = PBXBuildFile; fileRef = AAC74CC926E732A5002C855A /* YYBasicTickView.m */; };
		AAC74CD026E732A5002C855A /* NoticeSelectView.m in Sources */ = {isa = PBXBuildFile; fileRef = AAC74CCA26E732A5002C855A /* NoticeSelectView.m */; };
		AAC74CD126E732A5002C855A /* NoticeShowView.m in Sources */ = {isa = PBXBuildFile; fileRef = AAC74CCB26E732A5002C855A /* NoticeShowView.m */; };
		AAC74CD426E73B4D002C855A /* UIViewController+Extension.m in Sources */ = {isa = PBXBuildFile; fileRef = AAC74CD326E73B4D002C855A /* UIViewController+Extension.m */; };
		AAC74CD726E73BB0002C855A /* LReadAgreeMarkViewController.m in Sources */ = {isa = PBXBuildFile; fileRef = AAC74CD626E73BB0002C855A /* LReadAgreeMarkViewController.m */; };
/* End PBXBuildFile section */

/* Begin PBXContainerItemProxy section */
		AAC74C5526DC8BE3002C855A /* PBXContainerItemProxy */ = {
			isa = PBXContainerItemProxy;
			containerPortal = AAC74C3126DC8BE2002C855A /* Project object */;
			proxyType = 1;
			remoteGlobalIDString = AAC74C3826DC8BE2002C855A;
			remoteInfo = LBasicUtil;
		};
		AAC74C6026DC8BE3002C855A /* PBXContainerItemProxy */ = {
			isa = PBXContainerItemProxy;
			containerPortal = AAC74C3126DC8BE2002C855A /* Project object */;
			proxyType = 1;
			remoteGlobalIDString = AAC74C3826DC8BE2002C855A;
			remoteInfo = LBasicUtil;
		};
/* End PBXContainerItemProxy section */

/* Begin PBXFileReference section */
		0E749DE75212501A4026158F /* Pods-LBasicUtil.debug.xcconfig */ = {isa = PBXFileReference; includeInIndex = 1; lastKnownFileType = text.xcconfig; name = "Pods-LBasicUtil.debug.xcconfig"; path = "Target Support Files/Pods-LBasicUtil/Pods-LBasicUtil.debug.xcconfig"; sourceTree = "<group>"; };
		2CD8DA3770820682466000AE /* Pods-LBasicUtil.release.xcconfig */ = {isa = PBXFileReference; includeInIndex = 1; lastKnownFileType = text.xcconfig; name = "Pods-LBasicUtil.release.xcconfig"; path = "Target Support Files/Pods-LBasicUtil/Pods-LBasicUtil.release.xcconfig"; sourceTree = "<group>"; };
		3885D575499E78A63E9143E6 /* libPods-LBasicUtil.a */ = {isa = PBXFileReference; explicitFileType = archive.ar; includeInIndex = 0; path = "libPods-LBasicUtil.a"; sourceTree = BUILT_PRODUCTS_DIR; };
		AAA789D527BA4BB600397A22 /* LCameraPhotoTake.h */ = {isa = PBXFileReference; lastKnownFileType = sourcecode.c.h; path = LCameraPhotoTake.h; sourceTree = "<group>"; };
		AAA789D627BA4BB600397A22 /* LCameraPhotoTake.m */ = {isa = PBXFileReference; lastKnownFileType = sourcecode.c.objc; path = LCameraPhotoTake.m; sourceTree = "<group>"; };
		AAA789D827BB5C5900397A22 /* LPhotoTileViewController.h */ = {isa = PBXFileReference; lastKnownFileType = sourcecode.c.h; path = LPhotoTileViewController.h; sourceTree = "<group>"; };
		AAA789D927BB5C5A00397A22 /* LPhotoTileViewController.m */ = {isa = PBXFileReference; lastKnownFileType = sourcecode.c.objc; path = LPhotoTileViewController.m; sourceTree = "<group>"; };
		AAC74C3926DC8BE2002C855A /* LBasicUtil.app */ = {isa = PBXFileReference; explicitFileType = wrapper.application; includeInIndex = 0; path = LBasicUtil.app; sourceTree = BUILT_PRODUCTS_DIR; };
		AAC74C3C26DC8BE2002C855A /* AppDelegate.h */ = {isa = PBXFileReference; lastKnownFileType = sourcecode.c.h; path = AppDelegate.h; sourceTree = "<group>"; };
		AAC74C3D26DC8BE2002C855A /* AppDelegate.m */ = {isa = PBXFileReference; lastKnownFileType = sourcecode.c.objc; path = AppDelegate.m; sourceTree = "<group>"; };
		AAC74C3F26DC8BE2002C855A /* SceneDelegate.h */ = {isa = PBXFileReference; lastKnownFileType = sourcecode.c.h; path = SceneDelegate.h; sourceTree = "<group>"; };
		AAC74C4026DC8BE2002C855A /* SceneDelegate.m */ = {isa = PBXFileReference; lastKnownFileType = sourcecode.c.objc; path = SceneDelegate.m; sourceTree = "<group>"; };
		AAC74C4226DC8BE2002C855A /* ViewController.h */ = {isa = PBXFileReference; lastKnownFileType = sourcecode.c.h; path = ViewController.h; sourceTree = "<group>"; };
		AAC74C4326DC8BE2002C855A /* ViewController.m */ = {isa = PBXFileReference; lastKnownFileType = sourcecode.c.objc; path = ViewController.m; sourceTree = "<group>"; };
		AAC74C4626DC8BE2002C855A /* Base */ = {isa = PBXFileReference; lastKnownFileType = file.storyboard; name = Base; path = Base.lproj/Main.storyboard; sourceTree = "<group>"; };
		AAC74C4826DC8BE3002C855A /* Assets.xcassets */ = {isa = PBXFileReference; lastKnownFileType = folder.assetcatalog; path = Assets.xcassets; sourceTree = "<group>"; };
		AAC74C4B26DC8BE3002C855A /* Base */ = {isa = PBXFileReference; lastKnownFileType = file.storyboard; name = Base; path = Base.lproj/LaunchScreen.storyboard; sourceTree = "<group>"; };
		AAC74C4D26DC8BE3002C855A /* Info.plist */ = {isa = PBXFileReference; lastKnownFileType = text.plist.xml; path = Info.plist; sourceTree = "<group>"; };
		AAC74C4E26DC8BE3002C855A /* main.m */ = {isa = PBXFileReference; lastKnownFileType = sourcecode.c.objc; path = main.m; sourceTree = "<group>"; };
		AAC74C5426DC8BE3002C855A /* LBasicUtilTests.xctest */ = {isa = PBXFileReference; explicitFileType = wrapper.cfbundle; includeInIndex = 0; path = LBasicUtilTests.xctest; sourceTree = BUILT_PRODUCTS_DIR; };
		AAC74C5826DC8BE3002C855A /* LBasicUtilTests.m */ = {isa = PBXFileReference; lastKnownFileType = sourcecode.c.objc; path = LBasicUtilTests.m; sourceTree = "<group>"; };
		AAC74C5A26DC8BE3002C855A /* Info.plist */ = {isa = PBXFileReference; lastKnownFileType = text.plist.xml; path = Info.plist; sourceTree = "<group>"; };
		AAC74C5F26DC8BE3002C855A /* LBasicUtilUITests.xctest */ = {isa = PBXFileReference; explicitFileType = wrapper.cfbundle; includeInIndex = 0; path = LBasicUtilUITests.xctest; sourceTree = BUILT_PRODUCTS_DIR; };
		AAC74C6326DC8BE3002C855A /* LBasicUtilUITests.m */ = {isa = PBXFileReference; lastKnownFileType = sourcecode.c.objc; path = LBasicUtilUITests.m; sourceTree = "<group>"; };
		AAC74C6526DC8BE3002C855A /* Info.plist */ = {isa = PBXFileReference; lastKnownFileType = text.plist.xml; path = Info.plist; sourceTree = "<group>"; };
		AAC74C7226DC8F64002C855A /* LCamerPhotoSelect.m */ = {isa = PBXFileReference; fileEncoding = 4; lastKnownFileType = sourcecode.c.objc; path = LCamerPhotoSelect.m; sourceTree = "<group>"; };
		AAC74C7326DC8F64002C855A /* LCamerPhotoSelect.h */ = {isa = PBXFileReference; fileEncoding = 4; lastKnownFileType = sourcecode.c.h; path = LCamerPhotoSelect.h; sourceTree = "<group>"; };
		AAC74C7626DCAB8F002C855A /* LProgressHUD.h */ = {isa = PBXFileReference; fileEncoding = 4; lastKnownFileType = sourcecode.c.h; path = LProgressHUD.h; sourceTree = "<group>"; };
		AAC74C7726DCAB8F002C855A /* LProgressHUD.m */ = {isa = PBXFileReference; fileEncoding = 4; lastKnownFileType = sourcecode.c.objc; path = LProgressHUD.m; sourceTree = "<group>"; };
		AAC74C7A26DCAC02002C855A /* AESelectController.h */ = {isa = PBXFileReference; fileEncoding = 4; lastKnownFileType = sourcecode.c.h; path = AESelectController.h; sourceTree = "<group>"; };
		AAC74C7B26DCAC02002C855A /* AESelectController.m */ = {isa = PBXFileReference; fileEncoding = 4; lastKnownFileType = sourcecode.c.objc; path = AESelectController.m; sourceTree = "<group>"; };
		AAC74C7D26DCAD73002C855A /* UIImage+Extension.h */ = {isa = PBXFileReference; fileEncoding = 4; lastKnownFileType = sourcecode.c.h; path = "UIImage+Extension.h"; sourceTree = "<group>"; };
		AAC74C7E26DCAD73002C855A /* UIImage+Extension.m */ = {isa = PBXFileReference; fileEncoding = 4; lastKnownFileType = sourcecode.c.objc; path = "UIImage+Extension.m"; sourceTree = "<group>"; };
		AAC74C8126DCC0B1002C855A /* CameraPickViewController.h */ = {isa = PBXFileReference; lastKnownFileType = sourcecode.c.h; path = CameraPickViewController.h; sourceTree = "<group>"; };
		AAC74C8226DCC0B1002C855A /* CameraPickViewController.m */ = {isa = PBXFileReference; lastKnownFileType = sourcecode.c.objc; path = CameraPickViewController.m; sourceTree = "<group>"; };
		AAC74C8426DCC0C1002C855A /* BasicViewController.h */ = {isa = PBXFileReference; lastKnownFileType = sourcecode.c.h; path = BasicViewController.h; sourceTree = "<group>"; };
		AAC74C8526DCC0C1002C855A /* BasicViewController.m */ = {isa = PBXFileReference; lastKnownFileType = sourcecode.c.objc; path = BasicViewController.m; sourceTree = "<group>"; };
		AAC74C8826DCE5A3002C855A /* LImageBroswerViewController.h */ = {isa = PBXFileReference; fileEncoding = 4; lastKnownFileType = sourcecode.c.h; path = LImageBroswerViewController.h; sourceTree = "<group>"; };
		AAC74C8926DCE5A3002C855A /* LImageBroswerViewController.m */ = {isa = PBXFileReference; fileEncoding = 4; lastKnownFileType = sourcecode.c.objc; path = LImageBroswerViewController.m; sourceTree = "<group>"; };
		AAC74C8B26DCE5D5002C855A /* NSDate+time.m */ = {isa = PBXFileReference; fileEncoding = 4; lastKnownFileType = sourcecode.c.objc; path = "NSDate+time.m"; sourceTree = "<group>"; };
		AAC74C8C26DCE5D5002C855A /* NSDate+time.h */ = {isa = PBXFileReference; fileEncoding = 4; lastKnownFileType = sourcecode.c.h; path = "NSDate+time.h"; sourceTree = "<group>"; };
		AAC74C8E26E0A185002C855A /* UIView+Extension.h */ = {isa = PBXFileReference; fileEncoding = 4; lastKnownFileType = sourcecode.c.h; path = "UIView+Extension.h"; sourceTree = "<group>"; };
		AAC74C8F26E0A185002C855A /* UIView+Extension.m */ = {isa = PBXFileReference; fileEncoding = 4; lastKnownFileType = sourcecode.c.objc; path = "UIView+Extension.m"; sourceTree = "<group>"; };
		AAC74C9126E0A19F002C855A /* PrefixHeader.pch */ = {isa = PBXFileReference; lastKnownFileType = sourcecode.c.h; path = PrefixHeader.pch; sourceTree = "<group>"; };
		AAC74C9426E0CCA0002C855A /* NSString+Extension.h */ = {isa = PBXFileReference; lastKnownFileType = sourcecode.c.h; path = "NSString+Extension.h"; sourceTree = "<group>"; };
		AAC74C9526E0CCA0002C855A /* NSString+Extension.m */ = {isa = PBXFileReference; lastKnownFileType = sourcecode.c.objc; path = "NSString+Extension.m"; sourceTree = "<group>"; };
		AAC74C9826E1D0B8002C855A /* yuanshen.jpg */ = {isa = PBXFileReference; lastKnownFileType = image.jpeg; path = yuanshen.jpg; sourceTree = "<group>"; };
		AAC74C9A26E1E88B002C855A /* images.xcassets */ = {isa = PBXFileReference; lastKnownFileType = folder.assetcatalog; path = images.xcassets; sourceTree = "<group>"; };
		AAC74C9E26E5FAC1002C855A /* SendVerifyCodeBtn.h */ = {isa = PBXFileReference; fileEncoding = 4; lastKnownFileType = sourcecode.c.h; path = SendVerifyCodeBtn.h; sourceTree = "<group>"; };
		AAC74C9F26E5FAC1002C855A /* SendVerifyCodeBtn.m */ = {isa = PBXFileReference; fileEncoding = 4; lastKnownFileType = sourcecode.c.objc; path = SendVerifyCodeBtn.m; sourceTree = "<group>"; };
		AAC74CA526E604C9002C855A /* LLoginViewController.h */ = {isa = PBXFileReference; lastKnownFileType = sourcecode.c.h; path = LLoginViewController.h; sourceTree = "<group>"; };
		AAC74CA626E604C9002C855A /* LLoginViewController.m */ = {isa = PBXFileReference; lastKnownFileType = sourcecode.c.objc; path = LLoginViewController.m; sourceTree = "<group>"; };
		AAC74CA926E6118A002C855A /* TimerCountDown.h */ = {isa = PBXFileReference; fileEncoding = 4; lastKnownFileType = sourcecode.c.h; path = TimerCountDown.h; sourceTree = "<group>"; };
		AAC74CAA26E6118A002C855A /* TimerCountDown.m */ = {isa = PBXFileReference; fileEncoding = 4; lastKnownFileType = sourcecode.c.objc; path = TimerCountDown.m; sourceTree = "<group>"; };
		AAC74CB026E61235002C855A /* LTimeTextClockViewController.h */ = {isa = PBXFileReference; lastKnownFileType = sourcecode.c.h; path = LTimeTextClockViewController.h; sourceTree = "<group>"; };
		AAC74CB126E61235002C855A /* LTimeTextClockViewController.m */ = {isa = PBXFileReference; lastKnownFileType = sourcecode.c.objc; path = LTimeTextClockViewController.m; sourceTree = "<group>"; };
		AAC74CB526E70C76002C855A /* IACircularSlider.h */ = {isa = PBXFileReference; fileEncoding = 4; lastKnownFileType = sourcecode.c.h; path = IACircularSlider.h; sourceTree = "<group>"; };
		AAC74CB626E70C76002C855A /* IACircleSliderThumbLayer.h */ = {isa = PBXFileReference; fileEncoding = 4; lastKnownFileType = sourcecode.c.h; path = IACircleSliderThumbLayer.h; sourceTree = "<group>"; };
		AAC74CB726E70C76002C855A /* IACircularSliderTrackLayer.m */ = {isa = PBXFileReference; fileEncoding = 4; lastKnownFileType = sourcecode.c.objc; path = IACircularSliderTrackLayer.m; sourceTree = "<group>"; };
		AAC74CB826E70C76002C855A /* IACircularSlider.m */ = {isa = PBXFileReference; fileEncoding = 4; lastKnownFileType = sourcecode.c.objc; path = IACircularSlider.m; sourceTree = "<group>"; };
		AAC74CB926E70C76002C855A /* IACircularSliderTrackLayer.h */ = {isa = PBXFileReference; fileEncoding = 4; lastKnownFileType = sourcecode.c.h; path = IACircularSliderTrackLayer.h; sourceTree = "<group>"; };
		AAC74CBA26E70C76002C855A /* IACircleSliderThumbLayer.m */ = {isa = PBXFileReference; fileEncoding = 4; lastKnownFileType = sourcecode.c.objc; path = IACircleSliderThumbLayer.m; sourceTree = "<group>"; };
		AAC74CC126E70F53002C855A /* LSLiderViewController.h */ = {isa = PBXFileReference; lastKnownFileType = sourcecode.c.h; path = LSLiderViewController.h; sourceTree = "<group>"; };
		AAC74CC226E70F53002C855A /* LSLiderViewController.m */ = {isa = PBXFileReference; lastKnownFileType = sourcecode.c.objc; path = LSLiderViewController.m; sourceTree = "<group>"; };
		AAC74CC426E71905002C855A /* LBasicSlider.h */ = {isa = PBXFileReference; lastKnownFileType = sourcecode.c.h; path = LBasicSlider.h; sourceTree = "<group>"; };
		AAC74CC526E71905002C855A /* LBasicSlider.m */ = {isa = PBXFileReference; lastKnownFileType = sourcecode.c.objc; path = LBasicSlider.m; sourceTree = "<group>"; };
		AAC74CC926E732A5002C855A /* YYBasicTickView.m */ = {isa = PBXFileReference; fileEncoding = 4; lastKnownFileType = sourcecode.c.objc; path = YYBasicTickView.m; sourceTree = "<group>"; };
		AAC74CCA26E732A5002C855A /* NoticeSelectView.m */ = {isa = PBXFileReference; fileEncoding = 4; lastKnownFileType = sourcecode.c.objc; path = NoticeSelectView.m; sourceTree = "<group>"; };
		AAC74CCB26E732A5002C855A /* NoticeShowView.m */ = {isa = PBXFileReference; fileEncoding = 4; lastKnownFileType = sourcecode.c.objc; path = NoticeShowView.m; sourceTree = "<group>"; };
		AAC74CCC26E732A5002C855A /* NoticeShowView.h */ = {isa = PBXFileReference; fileEncoding = 4; lastKnownFileType = sourcecode.c.h; path = NoticeShowView.h; sourceTree = "<group>"; };
		AAC74CCD26E732A5002C855A /* NoticeSelectView.h */ = {isa = PBXFileReference; fileEncoding = 4; lastKnownFileType = sourcecode.c.h; path = NoticeSelectView.h; sourceTree = "<group>"; };
		AAC74CCE26E732A5002C855A /* YYBasicTickView.h */ = {isa = PBXFileReference; fileEncoding = 4; lastKnownFileType = sourcecode.c.h; path = YYBasicTickView.h; sourceTree = "<group>"; };
		AAC74CD226E73B4D002C855A /* UIViewController+Extension.h */ = {isa = PBXFileReference; lastKnownFileType = sourcecode.c.h; path = "UIViewController+Extension.h"; sourceTree = "<group>"; };
		AAC74CD326E73B4D002C855A /* UIViewController+Extension.m */ = {isa = PBXFileReference; lastKnownFileType = sourcecode.c.objc; path = "UIViewController+Extension.m"; sourceTree = "<group>"; };
		AAC74CD526E73BB0002C855A /* LReadAgreeMarkViewController.h */ = {isa = PBXFileReference; lastKnownFileType = sourcecode.c.h; path = LReadAgreeMarkViewController.h; sourceTree = "<group>"; };
		AAC74CD626E73BB0002C855A /* LReadAgreeMarkViewController.m */ = {isa = PBXFileReference; lastKnownFileType = sourcecode.c.objc; path = LReadAgreeMarkViewController.m; sourceTree = "<group>"; };
/* End PBXFileReference section */

/* Begin PBXFrameworksBuildPhase section */
		AAC74C3626DC8BE2002C855A /* Frameworks */ = {
			isa = PBXFrameworksBuildPhase;
			buildActionMask = 2147483647;
			files = (
				5F41B9FF3209FA78965CCCFE /* libPods-LBasicUtil.a in Frameworks */,
			);
			runOnlyForDeploymentPostprocessing = 0;
		};
		AAC74C5126DC8BE3002C855A /* Frameworks */ = {
			isa = PBXFrameworksBuildPhase;
			buildActionMask = 2147483647;
			files = (
			);
			runOnlyForDeploymentPostprocessing = 0;
		};
		AAC74C5C26DC8BE3002C855A /* Frameworks */ = {
			isa = PBXFrameworksBuildPhase;
			buildActionMask = 2147483647;
			files = (
			);
			runOnlyForDeploymentPostprocessing = 0;
		};
/* End PBXFrameworksBuildPhase section */

/* Begin PBXGroup section */
		8D17F4277AD03C75C9E51020 /* Pods */ = {
			isa = PBXGroup;
			children = (
				0E749DE75212501A4026158F /* Pods-LBasicUtil.debug.xcconfig */,
				2CD8DA3770820682466000AE /* Pods-LBasicUtil.release.xcconfig */,
			);
			path = Pods;
			sourceTree = "<group>";
		};
		AAC74C3026DC8BE2002C855A = {
			isa = PBXGroup;
			children = (
				AAC74C3B26DC8BE2002C855A /* LBasicUtil */,
				AAC74C5726DC8BE3002C855A /* LBasicUtilTests */,
				AAC74C6226DC8BE3002C855A /* LBasicUtilUITests */,
				AAC74C3A26DC8BE2002C855A /* Products */,
				8D17F4277AD03C75C9E51020 /* Pods */,
				BC4A44481C5D0BC973E55581 /* Frameworks */,
			);
			sourceTree = "<group>";
		};
		AAC74C3A26DC8BE2002C855A /* Products */ = {
			isa = PBXGroup;
			children = (
				AAC74C3926DC8BE2002C855A /* LBasicUtil.app */,
				AAC74C5426DC8BE3002C855A /* LBasicUtilTests.xctest */,
				AAC74C5F26DC8BE3002C855A /* LBasicUtilUITests.xctest */,
			);
			name = Products;
			sourceTree = "<group>";
		};
		AAC74C3B26DC8BE2002C855A /* LBasicUtil */ = {
			isa = PBXGroup;
			children = (
				AAC74C4226DC8BE2002C855A /* ViewController.h */,
				AAC74C4326DC8BE2002C855A /* ViewController.m */,
				AAC74C9226E0CA78002C855A /* Basic */,
				AAC74C8026DCC091002C855A /* BasicUtil */,
				AAC74C7926DCABF3002C855A /* Category */,
				AAC74C7526DCAB77002C855A /* ProgressHUD */,
				AAC74C3C26DC8BE2002C855A /* AppDelegate.h */,
				AAC74C3D26DC8BE2002C855A /* AppDelegate.m */,
				AAC74C3F26DC8BE2002C855A /* SceneDelegate.h */,
				AAC74C4026DC8BE2002C855A /* SceneDelegate.m */,
				AAC74C9126E0A19F002C855A /* PrefixHeader.pch */,
				AAC74C4526DC8BE2002C855A /* Main.storyboard */,
				AAC74C4826DC8BE3002C855A /* Assets.xcassets */,
				AAC74C4A26DC8BE3002C855A /* LaunchScreen.storyboard */,
				AAC74C4D26DC8BE3002C855A /* Info.plist */,
				AAC74C4E26DC8BE3002C855A /* main.m */,
			);
			path = LBasicUtil;
			sourceTree = "<group>";
		};
		AAC74C5726DC8BE3002C855A /* LBasicUtilTests */ = {
			isa = PBXGroup;
			children = (
				AAC74C5826DC8BE3002C855A /* LBasicUtilTests.m */,
				AAC74C5A26DC8BE3002C855A /* Info.plist */,
			);
			path = LBasicUtilTests;
			sourceTree = "<group>";
		};
		AAC74C6226DC8BE3002C855A /* LBasicUtilUITests */ = {
			isa = PBXGroup;
			children = (
				AAC74C6326DC8BE3002C855A /* LBasicUtilUITests.m */,
				AAC74C6526DC8BE3002C855A /* Info.plist */,
			);
			path = LBasicUtilUITests;
			sourceTree = "<group>";
		};
		AAC74C7126DC8F64002C855A /* CameraPhotoSelect */ = {
			isa = PBXGroup;
			children = (
				AAC74C7326DC8F64002C855A /* LCamerPhotoSelect.h */,
				AAC74C7226DC8F64002C855A /* LCamerPhotoSelect.m */,
				AAA789D527BA4BB600397A22 /* LCameraPhotoTake.h */,
				AAA789D627BA4BB600397A22 /* LCameraPhotoTake.m */,
				AAA789D827BB5C5900397A22 /* LPhotoTileViewController.h */,
				AAA789D927BB5C5A00397A22 /* LPhotoTileViewController.m */,
			);
			path = CameraPhotoSelect;
			sourceTree = "<group>";
		};
		AAC74C7526DCAB77002C855A /* ProgressHUD */ = {
			isa = PBXGroup;
			children = (
				AAC74C7626DCAB8F002C855A /* LProgressHUD.h */,
				AAC74C7726DCAB8F002C855A /* LProgressHUD.m */,
			);
			path = ProgressHUD;
			sourceTree = "<group>";
		};
		AAC74C7926DCABF3002C855A /* Category */ = {
			isa = PBXGroup;
			children = (
				AAC74C8E26E0A185002C855A /* UIView+Extension.h */,
				AAC74C8F26E0A185002C855A /* UIView+Extension.m */,
				AAC74C8C26DCE5D5002C855A /* NSDate+time.h */,
				AAC74C8B26DCE5D5002C855A /* NSDate+time.m */,
				AAC74C7D26DCAD73002C855A /* UIImage+Extension.h */,
				AAC74C7E26DCAD73002C855A /* UIImage+Extension.m */,
				AAC74C9426E0CCA0002C855A /* NSString+Extension.h */,
				AAC74C9526E0CCA0002C855A /* NSString+Extension.m */,
				AAC74CD226E73B4D002C855A /* UIViewController+Extension.h */,
				AAC74CD326E73B4D002C855A /* UIViewController+Extension.m */,
			);
			path = Category;
			sourceTree = "<group>";
		};
		AAC74C8026DCC091002C855A /* BasicUtil */ = {
			isa = PBXGroup;
			children = (
				AAC74CC726E73254002C855A /* ReadAgreeMarkSelect */,
				AAC74CB326E70C56002C855A /* CircleSlider */,
				AAC74CA826E61165002C855A /* TimeTextClockShow */,
				AAC74C9D26E2087A002C855A /* VerifyCodeTimeout */,
				AAC74C9C26E20862002C855A /* CameraSelect */,
			);
			path = BasicUtil;
			sourceTree = "<group>";
		};
		AAC74C8726DCE5A3002C855A /* ImageBrowserScale */ = {
			isa = PBXGroup;
			children = (
				AAC74C8826DCE5A3002C855A /* LImageBroswerViewController.h */,
				AAC74C8926DCE5A3002C855A /* LImageBroswerViewController.m */,
			);
			path = ImageBrowserScale;
			sourceTree = "<group>";
		};
		AAC74C9226E0CA78002C855A /* Basic */ = {
			isa = PBXGroup;
			children = (
				AAC74C7A26DCAC02002C855A /* AESelectController.h */,
				AAC74C7B26DCAC02002C855A /* AESelectController.m */,
				AAC74C8426DCC0C1002C855A /* BasicViewController.h */,
				AAC74C8526DCC0C1002C855A /* BasicViewController.m */,
				AAC74CC426E71905002C855A /* LBasicSlider.h */,
				AAC74CC526E71905002C855A /* LBasicSlider.m */,
			);
			path = Basic;
			sourceTree = "<group>";
		};
		AAC74C9726E1D06A002C855A /* Sources */ = {
			isa = PBXGroup;
			children = (
				AAC74C9826E1D0B8002C855A /* yuanshen.jpg */,
				AAC74C9A26E1E88B002C855A /* images.xcassets */,
			);
			path = Sources;
			sourceTree = "<group>";
		};
		AAC74C9C26E20862002C855A /* CameraSelect */ = {
			isa = PBXGroup;
			children = (
				AAC74C7126DC8F64002C855A /* CameraPhotoSelect */,
				AAC74C8726DCE5A3002C855A /* ImageBrowserScale */,
				AAC74C9726E1D06A002C855A /* Sources */,
				AAC74C8126DCC0B1002C855A /* CameraPickViewController.h */,
				AAC74C8226DCC0B1002C855A /* CameraPickViewController.m */,
			);
			path = CameraSelect;
			sourceTree = "<group>";
		};
		AAC74C9D26E2087A002C855A /* VerifyCodeTimeout */ = {
			isa = PBXGroup;
			children = (
				AAC74CA426E604B9002C855A /* VerifyCodeBtn */,
				AAC74CA526E604C9002C855A /* LLoginViewController.h */,
				AAC74CA626E604C9002C855A /* LLoginViewController.m */,
			);
			path = VerifyCodeTimeout;
			sourceTree = "<group>";
		};
		AAC74CA426E604B9002C855A /* VerifyCodeBtn */ = {
			isa = PBXGroup;
			children = (
				AAC74C9E26E5FAC1002C855A /* SendVerifyCodeBtn.h */,
				AAC74C9F26E5FAC1002C855A /* SendVerifyCodeBtn.m */,
			);
			path = VerifyCodeBtn;
			sourceTree = "<group>";
		};
		AAC74CA826E61165002C855A /* TimeTextClockShow */ = {
			isa = PBXGroup;
			children = (
				AAC74CAF26E611F9002C855A /* TimeCountDown */,
				AAC74CB026E61235002C855A /* LTimeTextClockViewController.h */,
				AAC74CB126E61235002C855A /* LTimeTextClockViewController.m */,
			);
			path = TimeTextClockShow;
			sourceTree = "<group>";
		};
		AAC74CAF26E611F9002C855A /* TimeCountDown */ = {
			isa = PBXGroup;
			children = (
				AAC74CA926E6118A002C855A /* TimerCountDown.h */,
				AAC74CAA26E6118A002C855A /* TimerCountDown.m */,
			);
			path = TimeCountDown;
			sourceTree = "<group>";
		};
		AAC74CB326E70C56002C855A /* CircleSlider */ = {
			isa = PBXGroup;
			children = (
				AAC74CB426E70C76002C855A /* CircleSlider */,
				AAC74CC126E70F53002C855A /* LSLiderViewController.h */,
				AAC74CC226E70F53002C855A /* LSLiderViewController.m */,
			);
			path = CircleSlider;
			sourceTree = "<group>";
		};
		AAC74CB426E70C76002C855A /* CircleSlider */ = {
			isa = PBXGroup;
			children = (
				AAC74CB526E70C76002C855A /* IACircularSlider.h */,
				AAC74CB826E70C76002C855A /* IACircularSlider.m */,
				AAC74CB626E70C76002C855A /* IACircleSliderThumbLayer.h */,
				AAC74CBA26E70C76002C855A /* IACircleSliderThumbLayer.m */,
				AAC74CB726E70C76002C855A /* IACircularSliderTrackLayer.m */,
				AAC74CB926E70C76002C855A /* IACircularSliderTrackLayer.h */,
			);
			path = CircleSlider;
			sourceTree = "<group>";
		};
		AAC74CC726E73254002C855A /* ReadAgreeMarkSelect */ = {
			isa = PBXGroup;
			children = (
				AAC74CC826E732A5002C855A /* ReadNoticeVIew */,
				AAC74CD526E73BB0002C855A /* LReadAgreeMarkViewController.h */,
				AAC74CD626E73BB0002C855A /* LReadAgreeMarkViewController.m */,
			);
			path = ReadAgreeMarkSelect;
			sourceTree = "<group>";
		};
		AAC74CC826E732A5002C855A /* ReadNoticeVIew */ = {
			isa = PBXGroup;
			children = (
				AAC74CCD26E732A5002C855A /* NoticeSelectView.h */,
				AAC74CCA26E732A5002C855A /* NoticeSelectView.m */,
				AAC74CCC26E732A5002C855A /* NoticeShowView.h */,
				AAC74CCB26E732A5002C855A /* NoticeShowView.m */,
				AAC74CCE26E732A5002C855A /* YYBasicTickView.h */,
				AAC74CC926E732A5002C855A /* YYBasicTickView.m */,
			);
			path = ReadNoticeVIew;
			sourceTree = "<group>";
		};
		BC4A44481C5D0BC973E55581 /* Frameworks */ = {
			isa = PBXGroup;
			children = (
				3885D575499E78A63E9143E6 /* libPods-LBasicUtil.a */,
			);
			name = Frameworks;
			sourceTree = "<group>";
		};
/* End PBXGroup section */

/* Begin PBXNativeTarget section */
		AAC74C3826DC8BE2002C855A /* LBasicUtil */ = {
			isa = PBXNativeTarget;
			buildConfigurationList = AAC74C6826DC8BE3002C855A /* Build configuration list for PBXNativeTarget "LBasicUtil" */;
			buildPhases = (
				F93087182769B77CEA91356B /* [CP] Check Pods Manifest.lock */,
				AAC74C3526DC8BE2002C855A /* Sources */,
				AAC74C3626DC8BE2002C855A /* Frameworks */,
				AAC74C3726DC8BE2002C855A /* Resources */,
				A82E1A06E141C8C56FACA4B7 /* [CP] Copy Pods Resources */,
			);
			buildRules = (
			);
			dependencies = (
			);
			name = LBasicUtil;
			productName = LBasicUtil;
			productReference = AAC74C3926DC8BE2002C855A /* LBasicUtil.app */;
			productType = "com.apple.product-type.application";
		};
		AAC74C5326DC8BE3002C855A /* LBasicUtilTests */ = {
			isa = PBXNativeTarget;
			buildConfigurationList = AAC74C6B26DC8BE3002C855A /* Build configuration list for PBXNativeTarget "LBasicUtilTests" */;
			buildPhases = (
				AAC74C5026DC8BE3002C855A /* Sources */,
				AAC74C5126DC8BE3002C855A /* Frameworks */,
				AAC74C5226DC8BE3002C855A /* Resources */,
			);
			buildRules = (
			);
			dependencies = (
				AAC74C5626DC8BE3002C855A /* PBXTargetDependency */,
			);
			name = LBasicUtilTests;
			productName = LBasicUtilTests;
			productReference = AAC74C5426DC8BE3002C855A /* LBasicUtilTests.xctest */;
			productType = "com.apple.product-type.bundle.unit-test";
		};
		AAC74C5E26DC8BE3002C855A /* LBasicUtilUITests */ = {
			isa = PBXNativeTarget;
			buildConfigurationList = AAC74C6E26DC8BE3002C855A /* Build configuration list for PBXNativeTarget "LBasicUtilUITests" */;
			buildPhases = (
				AAC74C5B26DC8BE3002C855A /* Sources */,
				AAC74C5C26DC8BE3002C855A /* Frameworks */,
				AAC74C5D26DC8BE3002C855A /* Resources */,
			);
			buildRules = (
			);
			dependencies = (
				AAC74C6126DC8BE3002C855A /* PBXTargetDependency */,
			);
			name = LBasicUtilUITests;
			productName = LBasicUtilUITests;
			productReference = AAC74C5F26DC8BE3002C855A /* LBasicUtilUITests.xctest */;
			productType = "com.apple.product-type.bundle.ui-testing";
		};
/* End PBXNativeTarget section */

/* Begin PBXProject section */
		AAC74C3126DC8BE2002C855A /* Project object */ = {
			isa = PBXProject;
			attributes = {
				CLASSPREFIX = L;
				LastUpgradeCheck = 1250;
				TargetAttributes = {
					AAC74C3826DC8BE2002C855A = {
						CreatedOnToolsVersion = 12.5.1;
					};
					AAC74C5326DC8BE3002C855A = {
						CreatedOnToolsVersion = 12.5.1;
						TestTargetID = AAC74C3826DC8BE2002C855A;
					};
					AAC74C5E26DC8BE3002C855A = {
						CreatedOnToolsVersion = 12.5.1;
						TestTargetID = AAC74C3826DC8BE2002C855A;
					};
				};
			};
			buildConfigurationList = AAC74C3426DC8BE2002C855A /* Build configuration list for PBXProject "LBasicUtil" */;
			compatibilityVersion = "Xcode 9.3";
			developmentRegion = en;
			hasScannedForEncodings = 0;
			knownRegions = (
				en,
				Base,
			);
			mainGroup = AAC74C3026DC8BE2002C855A;
			productRefGroup = AAC74C3A26DC8BE2002C855A /* Products */;
			projectDirPath = "";
			projectRoot = "";
			targets = (
				AAC74C3826DC8BE2002C855A /* LBasicUtil */,
				AAC74C5326DC8BE3002C855A /* LBasicUtilTests */,
				AAC74C5E26DC8BE3002C855A /* LBasicUtilUITests */,
			);
		};
/* End PBXProject section */

/* Begin PBXResourcesBuildPhase section */
		AAC74C3726DC8BE2002C855A /* Resources */ = {
			isa = PBXResourcesBuildPhase;
			buildActionMask = 2147483647;
			files = (
				AAC74C4C26DC8BE3002C855A /* LaunchScreen.storyboard in Resources */,
				AAC74C4926DC8BE3002C855A /* Assets.xcassets in Resources */,
				AAC74C9926E1D0B8002C855A /* yuanshen.jpg in Resources */,
				AAC74C4726DC8BE2002C855A /* Main.storyboard in Resources */,
				AAC74C9B26E1E88B002C855A /* images.xcassets in Resources */,
			);
			runOnlyForDeploymentPostprocessing = 0;
		};
		AAC74C5226DC8BE3002C855A /* Resources */ = {
			isa = PBXResourcesBuildPhase;
			buildActionMask = 2147483647;
			files = (
			);
			runOnlyForDeploymentPostprocessing = 0;
		};
		AAC74C5D26DC8BE3002C855A /* Resources */ = {
			isa = PBXResourcesBuildPhase;
			buildActionMask = 2147483647;
			files = (
			);
			runOnlyForDeploymentPostprocessing = 0;
		};
/* End PBXResourcesBuildPhase section */

/* Begin PBXShellScriptBuildPhase section */
		A82E1A06E141C8C56FACA4B7 /* [CP] Copy Pods Resources */ = {
			isa = PBXShellScriptBuildPhase;
			buildActionMask = 2147483647;
			files = (
			);
			inputFileListPaths = (
				"${PODS_ROOT}/Target Support Files/Pods-LBasicUtil/Pods-LBasicUtil-resources-${CONFIGURATION}-input-files.xcfilelist",
			);
			name = "[CP] Copy Pods Resources";
			outputFileListPaths = (
				"${PODS_ROOT}/Target Support Files/Pods-LBasicUtil/Pods-LBasicUtil-resources-${CONFIGURATION}-output-files.xcfilelist",
			);
			runOnlyForDeploymentPostprocessing = 0;
			shellPath = /bin/sh;
			shellScript = "\"${PODS_ROOT}/Target Support Files/Pods-LBasicUtil/Pods-LBasicUtil-resources.sh\"\n";
			showEnvVarsInLog = 0;
		};
		F93087182769B77CEA91356B /* [CP] Check Pods Manifest.lock */ = {
			isa = PBXShellScriptBuildPhase;
			buildActionMask = 2147483647;
			files = (
			);
			inputFileListPaths = (
			);
			inputPaths = (
				"${PODS_PODFILE_DIR_PATH}/Podfile.lock",
				"${PODS_ROOT}/Manifest.lock",
			);
			name = "[CP] Check Pods Manifest.lock";
			outputFileListPaths = (
			);
			outputPaths = (
				"$(DERIVED_FILE_DIR)/Pods-LBasicUtil-checkManifestLockResult.txt",
			);
			runOnlyForDeploymentPostprocessing = 0;
			shellPath = /bin/sh;
			shellScript = "diff \"${PODS_PODFILE_DIR_PATH}/Podfile.lock\" \"${PODS_ROOT}/Manifest.lock\" > /dev/null\nif [ $? != 0 ] ; then\n    # print error to STDERR\n    echo \"error: The sandbox is not in sync with the Podfile.lock. Run 'pod install' or update your CocoaPods installation.\" >&2\n    exit 1\nfi\n# This output is used by Xcode 'outputs' to avoid re-running this script phase.\necho \"SUCCESS\" > \"${SCRIPT_OUTPUT_FILE_0}\"\n";
			showEnvVarsInLog = 0;
		};
/* End PBXShellScriptBuildPhase section */

/* Begin PBXSourcesBuildPhase section */
		AAC74C3526DC8BE2002C855A /* Sources */ = {
			isa = PBXSourcesBuildPhase;
			buildActionMask = 2147483647;
			files = (
				AAC74CB226E61235002C855A /* LTimeTextClockViewController.m in Sources */,
				AAC74C7826DCAB8F002C855A /* LProgressHUD.m in Sources */,
				AAC74C8A26DCE5A3002C855A /* LImageBroswerViewController.m in Sources */,
				AAC74CD426E73B4D002C855A /* UIViewController+Extension.m in Sources */,
				AAC74C9026E0A185002C855A /* UIView+Extension.m in Sources */,
				AAA789D727BA4BB600397A22 /* LCameraPhotoTake.m in Sources */,
				AAC74C4426DC8BE2002C855A /* ViewController.m in Sources */,
				AAC74C7426DC8F64002C855A /* LCamerPhotoSelect.m in Sources */,
				AAC74CCF26E732A5002C855A /* YYBasicTickView.m in Sources */,
				AAC74CBD26E70C76002C855A /* IACircleSliderThumbLayer.m in Sources */,
				AAC74CA726E604C9002C855A /* LLoginViewController.m in Sources */,
				AAC74CA026E5FAC1002C855A /* SendVerifyCodeBtn.m in Sources */,
				AAC74CBB26E70C76002C855A /* IACircularSliderTrackLayer.m in Sources */,
				AAC74C8626DCC0C1002C855A /* BasicViewController.m in Sources */,
				AAC74CD026E732A5002C855A /* NoticeSelectView.m in Sources */,
				AAC74C8D26DCE5D5002C855A /* NSDate+time.m in Sources */,
				AAC74CAB26E6118A002C855A /* TimerCountDown.m in Sources */,
				AAC74C3E26DC8BE2002C855A /* AppDelegate.m in Sources */,
				AAA789DA27BB5C5A00397A22 /* LPhotoTileViewController.m in Sources */,
				AAC74C4F26DC8BE3002C855A /* main.m in Sources */,
				AAC74C7C26DCAC02002C855A /* AESelectController.m in Sources */,
				AAC74CBC26E70C76002C855A /* IACircularSlider.m in Sources */,
				AAC74C4126DC8BE2002C855A /* SceneDelegate.m in Sources */,
				AAC74CC626E71905002C855A /* LBasicSlider.m in Sources */,
				AAC74CD126E732A5002C855A /* NoticeShowView.m in Sources */,
				AAC74CD726E73BB0002C855A /* LReadAgreeMarkViewController.m in Sources */,
				AAC74C7F26DCAD73002C855A /* UIImage+Extension.m in Sources */,
				AAC74C8326DCC0B1002C855A /* CameraPickViewController.m in Sources */,
				AAC74CC326E70F53002C855A /* LSLiderViewController.m in Sources */,
				AAC74C9626E0CCA0002C855A /* NSString+Extension.m in Sources */,
			);
			runOnlyForDeploymentPostprocessing = 0;
		};
		AAC74C5026DC8BE3002C855A /* Sources */ = {
			isa = PBXSourcesBuildPhase;
			buildActionMask = 2147483647;
			files = (
				AAC74C5926DC8BE3002C855A /* LBasicUtilTests.m in Sources */,
			);
			runOnlyForDeploymentPostprocessing = 0;
		};
		AAC74C5B26DC8BE3002C855A /* Sources */ = {
			isa = PBXSourcesBuildPhase;
			buildActionMask = 2147483647;
			files = (
				AAC74C6426DC8BE3002C855A /* LBasicUtilUITests.m in Sources */,
			);
			runOnlyForDeploymentPostprocessing = 0;
		};
/* End PBXSourcesBuildPhase section */

/* Begin PBXTargetDependency section */
		AAC74C5626DC8BE3002C855A /* PBXTargetDependency */ = {
			isa = PBXTargetDependency;
			target = AAC74C3826DC8BE2002C855A /* LBasicUtil */;
			targetProxy = AAC74C5526DC8BE3002C855A /* PBXContainerItemProxy */;
		};
		AAC74C6126DC8BE3002C855A /* PBXTargetDependency */ = {
			isa = PBXTargetDependency;
			target = AAC74C3826DC8BE2002C855A /* LBasicUtil */;
			targetProxy = AAC74C6026DC8BE3002C855A /* PBXContainerItemProxy */;
		};
/* End PBXTargetDependency section */

/* Begin PBXVariantGroup section */
		AAC74C4526DC8BE2002C855A /* Main.storyboard */ = {
			isa = PBXVariantGroup;
			children = (
				AAC74C4626DC8BE2002C855A /* Base */,
			);
			name = Main.storyboard;
			sourceTree = "<group>";
		};
		AAC74C4A26DC8BE3002C855A /* LaunchScreen.storyboard */ = {
			isa = PBXVariantGroup;
			children = (
				AAC74C4B26DC8BE3002C855A /* Base */,
			);
			name = LaunchScreen.storyboard;
			sourceTree = "<group>";
		};
/* End PBXVariantGroup section */

/* Begin XCBuildConfiguration section */
		AAC74C6626DC8BE3002C855A /* Debug */ = {
			isa = XCBuildConfiguration;
			buildSettings = {
				ALWAYS_SEARCH_USER_PATHS = NO;
				CLANG_ANALYZER_NONNULL = YES;
				CLANG_ANALYZER_NUMBER_OBJECT_CONVERSION = YES_AGGRESSIVE;
				CLANG_CXX_LANGUAGE_STANDARD = "gnu++14";
				CLANG_CXX_LIBRARY = "libc++";
				CLANG_ENABLE_MODULES = YES;
				CLANG_ENABLE_OBJC_ARC = YES;
				CLANG_ENABLE_OBJC_WEAK = YES;
				CLANG_WARN_BLOCK_CAPTURE_AUTORELEASING = YES;
				CLANG_WARN_BOOL_CONVERSION = YES;
				CLANG_WARN_COMMA = YES;
				CLANG_WARN_CONSTANT_CONVERSION = YES;
				CLANG_WARN_DEPRECATED_OBJC_IMPLEMENTATIONS = YES;
				CLANG_WARN_DIRECT_OBJC_ISA_USAGE = YES_ERROR;
				CLANG_WARN_DOCUMENTATION_COMMENTS = YES;
				CLANG_WARN_EMPTY_BODY = YES;
				CLANG_WARN_ENUM_CONVERSION = YES;
				CLANG_WARN_INFINITE_RECURSION = YES;
				CLANG_WARN_INT_CONVERSION = YES;
				CLANG_WARN_NON_LITERAL_NULL_CONVERSION = YES;
				CLANG_WARN_OBJC_IMPLICIT_RETAIN_SELF = YES;
				CLANG_WARN_OBJC_LITERAL_CONVERSION = YES;
				CLANG_WARN_OBJC_ROOT_CLASS = YES_ERROR;
				CLANG_WARN_QUOTED_INCLUDE_IN_FRAMEWORK_HEADER = YES;
				CLANG_WARN_RANGE_LOOP_ANALYSIS = YES;
				CLANG_WARN_STRICT_PROTOTYPES = YES;
				CLANG_WARN_SUSPICIOUS_MOVE = YES;
				CLANG_WARN_UNGUARDED_AVAILABILITY = YES_AGGRESSIVE;
				CLANG_WARN_UNREACHABLE_CODE = YES;
				CLANG_WARN__DUPLICATE_METHOD_MATCH = YES;
				COPY_PHASE_STRIP = NO;
				DEBUG_INFORMATION_FORMAT = dwarf;
				ENABLE_STRICT_OBJC_MSGSEND = YES;
				ENABLE_TESTABILITY = YES;
				GCC_C_LANGUAGE_STANDARD = gnu11;
				GCC_DYNAMIC_NO_PIC = NO;
				GCC_NO_COMMON_BLOCKS = YES;
				GCC_OPTIMIZATION_LEVEL = 0;
				GCC_PREPROCESSOR_DEFINITIONS = (
					"DEBUG=1",
					"$(inherited)",
				);
				GCC_WARN_64_TO_32_BIT_CONVERSION = YES;
				GCC_WARN_ABOUT_RETURN_TYPE = YES_ERROR;
				GCC_WARN_UNDECLARED_SELECTOR = YES;
				GCC_WARN_UNINITIALIZED_AUTOS = YES_AGGRESSIVE;
				GCC_WARN_UNUSED_FUNCTION = YES;
				GCC_WARN_UNUSED_VARIABLE = YES;
				IPHONEOS_DEPLOYMENT_TARGET = 10.0;
				MTL_ENABLE_DEBUG_INFO = INCLUDE_SOURCE;
				MTL_FAST_MATH = YES;
				ONLY_ACTIVE_ARCH = YES;
				SDKROOT = iphoneos;
			};
			name = Debug;
		};
		AAC74C6726DC8BE3002C855A /* Release */ = {
			isa = XCBuildConfiguration;
			buildSettings = {
				ALWAYS_SEARCH_USER_PATHS = NO;
				CLANG_ANALYZER_NONNULL = YES;
				CLANG_ANALYZER_NUMBER_OBJECT_CONVERSION = YES_AGGRESSIVE;
				CLANG_CXX_LANGUAGE_STANDARD = "gnu++14";
				CLANG_CXX_LIBRARY = "libc++";
				CLANG_ENABLE_MODULES = YES;
				CLANG_ENABLE_OBJC_ARC = YES;
				CLANG_ENABLE_OBJC_WEAK = YES;
				CLANG_WARN_BLOCK_CAPTURE_AUTORELEASING = YES;
				CLANG_WARN_BOOL_CONVERSION = YES;
				CLANG_WARN_COMMA = YES;
				CLANG_WARN_CONSTANT_CONVERSION = YES;
				CLANG_WARN_DEPRECATED_OBJC_IMPLEMENTATIONS = YES;
				CLANG_WARN_DIRECT_OBJC_ISA_USAGE = YES_ERROR;
				CLANG_WARN_DOCUMENTATION_COMMENTS = YES;
				CLANG_WARN_EMPTY_BODY = YES;
				CLANG_WARN_ENUM_CONVERSION = YES;
				CLANG_WARN_INFINITE_RECURSION = YES;
				CLANG_WARN_INT_CONVERSION = YES;
				CLANG_WARN_NON_LITERAL_NULL_CONVERSION = YES;
				CLANG_WARN_OBJC_IMPLICIT_RETAIN_SELF = YES;
				CLANG_WARN_OBJC_LITERAL_CONVERSION = YES;
				CLANG_WARN_OBJC_ROOT_CLASS = YES_ERROR;
				CLANG_WARN_QUOTED_INCLUDE_IN_FRAMEWORK_HEADER = YES;
				CLANG_WARN_RANGE_LOOP_ANALYSIS = YES;
				CLANG_WARN_STRICT_PROTOTYPES = YES;
				CLANG_WARN_SUSPICIOUS_MOVE = YES;
				CLANG_WARN_UNGUARDED_AVAILABILITY = YES_AGGRESSIVE;
				CLANG_WARN_UNREACHABLE_CODE = YES;
				CLANG_WARN__DUPLICATE_METHOD_MATCH = YES;
				COPY_PHASE_STRIP = NO;
				DEBUG_INFORMATION_FORMAT = "dwarf-with-dsym";
				ENABLE_NS_ASSERTIONS = NO;
				ENABLE_STRICT_OBJC_MSGSEND = YES;
				GCC_C_LANGUAGE_STANDARD = gnu11;
				GCC_NO_COMMON_BLOCKS = YES;
				GCC_WARN_64_TO_32_BIT_CONVERSION = YES;
				GCC_WARN_ABOUT_RETURN_TYPE = YES_ERROR;
				GCC_WARN_UNDECLARED_SELECTOR = YES;
				GCC_WARN_UNINITIALIZED_AUTOS = YES_AGGRESSIVE;
				GCC_WARN_UNUSED_FUNCTION = YES;
				GCC_WARN_UNUSED_VARIABLE = YES;
				IPHONEOS_DEPLOYMENT_TARGET = 10.0;
				MTL_ENABLE_DEBUG_INFO = NO;
				MTL_FAST_MATH = YES;
				SDKROOT = iphoneos;
				VALIDATE_PRODUCT = YES;
			};
			name = Release;
		};
		AAC74C6926DC8BE3002C855A /* Debug */ = {
			isa = XCBuildConfiguration;
			baseConfigurationReference = 0E749DE75212501A4026158F /* Pods-LBasicUtil.debug.xcconfig */;
			buildSettings = {
				ASSETCATALOG_COMPILER_APPICON_NAME = AppIcon;
				ASSETCATALOG_COMPILER_GLOBAL_ACCENT_COLOR_NAME = AccentColor;
				CODE_SIGN_STYLE = Automatic;
				DEVELOPMENT_TEAM = 8PZ9D6VC3P;
				GCC_PREFIX_HEADER = "$(SRCROOT)/LBasicUtil/PrefixHeader.pch";
				INFOPLIST_FILE = LBasicUtil/Info.plist;
				LD_RUNPATH_SEARCH_PATHS = (
					"$(inherited)",
					"@executable_path/Frameworks",
				);
				PRODUCT_BUNDLE_IDENTIFIER = com.liuna.321;
				PRODUCT_NAME = "$(TARGET_NAME)";
				TARGETED_DEVICE_FAMILY = "1,2";
			};
			name = Debug;
		};
		AAC74C6A26DC8BE3002C855A /* Release */ = {
			isa = XCBuildConfiguration;
			baseConfigurationReference = 2CD8DA3770820682466000AE /* Pods-LBasicUtil.release.xcconfig */;
			buildSettings = {
				ASSETCATALOG_COMPILER_APPICON_NAME = AppIcon;
				ASSETCATALOG_COMPILER_GLOBAL_ACCENT_COLOR_NAME = AccentColor;
				CODE_SIGN_STYLE = Automatic;
				DEVELOPMENT_TEAM = 8PZ9D6VC3P;
				GCC_PREFIX_HEADER = "$(SRCROOT)/LBasicUtil/PrefixHeader.pch";
				INFOPLIST_FILE = LBasicUtil/Info.plist;
				LD_RUNPATH_SEARCH_PATHS = (
					"$(inherited)",
					"@executable_path/Frameworks",
				);
				PRODUCT_BUNDLE_IDENTIFIER = com.liuna.321;
				PRODUCT_NAME = "$(TARGET_NAME)";
				TARGETED_DEVICE_FAMILY = "1,2";
			};
			name = Release;
		};
		AAC74C6C26DC8BE3002C855A /* Debug */ = {
			isa = XCBuildConfiguration;
			buildSettings = {
				BUNDLE_LOADER = "$(TEST_HOST)";
				CODE_SIGN_STYLE = Automatic;
				INFOPLIST_FILE = LBasicUtilTests/Info.plist;
				IPHONEOS_DEPLOYMENT_TARGET = 14.5;
				LD_RUNPATH_SEARCH_PATHS = (
					"$(inherited)",
					"@executable_path/Frameworks",
					"@loader_path/Frameworks",
				);
				PRODUCT_BUNDLE_IDENTIFIER = com.liuna.testapp.LBasicUtilTests;
				PRODUCT_NAME = "$(TARGET_NAME)";
				TARGETED_DEVICE_FAMILY = "1,2";
				TEST_HOST = "$(BUILT_PRODUCTS_DIR)/LBasicUtil.app/LBasicUtil";
			};
			name = Debug;
		};
		AAC74C6D26DC8BE3002C855A /* Release */ = {
			isa = XCBuildConfiguration;
			buildSettings = {
				BUNDLE_LOADER = "$(TEST_HOST)";
				CODE_SIGN_STYLE = Automatic;
				INFOPLIST_FILE = LBasicUtilTests/Info.plist;
				IPHONEOS_DEPLOYMENT_TARGET = 14.5;
				LD_RUNPATH_SEARCH_PATHS = (
					"$(inherited)",
					"@executable_path/Frameworks",
					"@loader_path/Frameworks",
				);
				PRODUCT_BUNDLE_IDENTIFIER = com.liuna.testapp.LBasicUtilTests;
				PRODUCT_NAME = "$(TARGET_NAME)";
				TARGETED_DEVICE_FAMILY = "1,2";
				TEST_HOST = "$(BUILT_PRODUCTS_DIR)/LBasicUtil.app/LBasicUtil";
			};
			name = Release;
		};
		AAC74C6F26DC8BE3002C855A /* Debug */ = {
			isa = XCBuildConfiguration;
			buildSettings = {
				CODE_SIGN_STYLE = Automatic;
				INFOPLIST_FILE = LBasicUtilUITests/Info.plist;
				LD_RUNPATH_SEARCH_PATHS = (
					"$(inherited)",
					"@executable_path/Frameworks",
					"@loader_path/Frameworks",
				);
				PRODUCT_BUNDLE_IDENTIFIER = com.liuna.testapp.LBasicUtilUITests;
				PRODUCT_NAME = "$(TARGET_NAME)";
				TARGETED_DEVICE_FAMILY = "1,2";
				TEST_TARGET_NAME = LBasicUtil;
			};
			name = Debug;
		};
		AAC74C7026DC8BE3002C855A /* Release */ = {
			isa = XCBuildConfiguration;
			buildSettings = {
				CODE_SIGN_STYLE = Automatic;
				INFOPLIST_FILE = LBasicUtilUITests/Info.plist;
				LD_RUNPATH_SEARCH_PATHS = (
					"$(inherited)",
					"@executable_path/Frameworks",
					"@loader_path/Frameworks",
				);
				PRODUCT_BUNDLE_IDENTIFIER = com.liuna.testapp.LBasicUtilUITests;
				PRODUCT_NAME = "$(TARGET_NAME)";
				TARGETED_DEVICE_FAMILY = "1,2";
				TEST_TARGET_NAME = LBasicUtil;
			};
			name = Release;
		};
/* End XCBuildConfiguration section */

/* Begin XCConfigurationList section */
		AAC74C3426DC8BE2002C855A /* Build configuration list for PBXProject "LBasicUtil" */ = {
			isa = XCConfigurationList;
			buildConfigurations = (
				AAC74C6626DC8BE3002C855A /* Debug */,
				AAC74C6726DC8BE3002C855A /* Release */,
			);
			defaultConfigurationIsVisible = 0;
			defaultConfigurationName = Release;
		};
		AAC74C6826DC8BE3002C855A /* Build configuration list for PBXNativeTarget "LBasicUtil" */ = {
			isa = XCConfigurationList;
			buildConfigurations = (
				AAC74C6926DC8BE3002C855A /* Debug */,
				AAC74C6A26DC8BE3002C855A /* Release */,
			);
			defaultConfigurationIsVisible = 0;
			defaultConfigurationName = Release;
		};
		AAC74C6B26DC8BE3002C855A /* Build configuration list for PBXNativeTarget "LBasicUtilTests" */ = {
			isa = XCConfigurationList;
			buildConfigurations = (
				AAC74C6C26DC8BE3002C855A /* Debug */,
				AAC74C6D26DC8BE3002C855A /* Release */,
			);
			defaultConfigurationIsVisible = 0;
			defaultConfigurationName = Release;
		};
		AAC74C6E26DC8BE3002C855A /* Build configuration list for PBXNativeTarget "LBasicUtilUITests" */ = {
			isa = XCConfigurationList;
			buildConfigurations = (
				AAC74C6F26DC8BE3002C855A /* Debug */,
				AAC74C7026DC8BE3002C855A /* Release */,
			);
			defaultConfigurationIsVisible = 0;
			defaultConfigurationName = Release;
		};
/* End XCConfigurationList section */
	};
	rootObject = AAC74C3126DC8BE2002C855A /* Project object */;
}
